// !$*UTF8*$!
{
	archiveVersion = 1;
	classes = {
	};
	objectVersion = 46;
	objects = {

/* Begin PBXBuildFile section */
		5418E5601E601D630015B100 /* main.m in Sources */ = {isa = PBXBuildFile; fileRef = 5418E55F1E601D630015B100 /* main.m */; };
		5418E5631E601D630015B100 /* AppDelegate.m in Sources */ = {isa = PBXBuildFile; fileRef = 5418E5621E601D630015B100 /* AppDelegate.m */; };
		5418E5661E601D630015B100 /* ViewController.m in Sources */ = {isa = PBXBuildFile; fileRef = 5418E5651E601D630015B100 /* ViewController.m */; };
		5418E5691E601D630015B100 /* Main.storyboard in Resources */ = {isa = PBXBuildFile; fileRef = 5418E5671E601D630015B100 /* Main.storyboard */; };
		5418E56B1E601D630015B100 /* Assets.xcassets in Resources */ = {isa = PBXBuildFile; fileRef = 5418E56A1E601D630015B100 /* Assets.xcassets */; };
		5418E56E1E601D630015B100 /* LaunchScreen.storyboard in Resources */ = {isa = PBXBuildFile; fileRef = 5418E56C1E601D630015B100 /* LaunchScreen.storyboard */; };
		5418E5791E601D630015B100 /* SYPickerViewTests.m in Sources */ = {isa = PBXBuildFile; fileRef = 5418E5781E601D630015B100 /* SYPickerViewTests.m */; };
		5418E5841E601D630015B100 /* SYPickerViewUITests.m in Sources */ = {isa = PBXBuildFile; fileRef = 5418E5831E601D630015B100 /* SYPickerViewUITests.m */; };
		5418E5931E601DA90015B100 /* SYPickerView.m in Sources */ = {isa = PBXBuildFile; fileRef = 5418E5921E601DA90015B100 /* SYPickerView.m */; };
/* End PBXBuildFile section */

/* Begin PBXContainerItemProxy section */
		5418E5751E601D630015B100 /* PBXContainerItemProxy */ = {
			isa = PBXContainerItemProxy;
			containerPortal = 5418E5531E601D630015B100 /* Project object */;
			proxyType = 1;
			remoteGlobalIDString = 5418E55A1E601D630015B100;
			remoteInfo = SYPickerView;
		};
		5418E5801E601D630015B100 /* PBXContainerItemProxy */ = {
			isa = PBXContainerItemProxy;
			containerPortal = 5418E5531E601D630015B100 /* Project object */;
			proxyType = 1;
			remoteGlobalIDString = 5418E55A1E601D630015B100;
			remoteInfo = SYPickerView;
		};
/* End PBXContainerItemProxy section */

/* Begin PBXFileReference section */
		5418E55B1E601D630015B100 /* SYPickerView.app */ = {isa = PBXFileReference; explicitFileType = wrapper.application; includeInIndex = 0; path = SYPickerView.app; sourceTree = BUILT_PRODUCTS_DIR; };
		5418E55F1E601D630015B100 /* main.m */ = {isa = PBXFileReference; lastKnownFileType = sourcecode.c.objc; path = main.m; sourceTree = "<group>"; };
		5418E5611E601D630015B100 /* AppDelegate.h */ = {isa = PBXFileReference; lastKnownFileType = sourcecode.c.h; path = AppDelegate.h; sourceTree = "<group>"; };
		5418E5621E601D630015B100 /* AppDelegate.m */ = {isa = PBXFileReference; lastKnownFileType = sourcecode.c.objc; path = AppDelegate.m; sourceTree = "<group>"; };
		5418E5641E601D630015B100 /* ViewController.h */ = {isa = PBXFileReference; lastKnownFileType = sourcecode.c.h; path = ViewController.h; sourceTree = "<group>"; };
		5418E5651E601D630015B100 /* ViewController.m */ = {isa = PBXFileReference; lastKnownFileType = sourcecode.c.objc; path = ViewController.m; sourceTree = "<group>"; };
		5418E5681E601D630015B100 /* Base */ = {isa = PBXFileReference; lastKnownFileType = file.storyboard; name = Base; path = Base.lproj/Main.storyboard; sourceTree = "<group>"; };
		5418E56A1E601D630015B100 /* Assets.xcassets */ = {isa = PBXFileReference; lastKnownFileType = folder.assetcatalog; path = Assets.xcassets; sourceTree = "<group>"; };
		5418E56D1E601D630015B100 /* Base */ = {isa = PBXFileReference; lastKnownFileType = file.storyboard; name = Base; path = Base.lproj/LaunchScreen.storyboard; sourceTree = "<group>"; };
		5418E56F1E601D630015B100 /* Info.plist */ = {isa = PBXFileReference; lastKnownFileType = text.plist.xml; path = Info.plist; sourceTree = "<group>"; };
		5418E5741E601D630015B100 /* SYPickerViewTests.xctest */ = {isa = PBXFileReference; explicitFileType = wrapper.cfbundle; includeInIndex = 0; path = SYPickerViewTests.xctest; sourceTree = BUILT_PRODUCTS_DIR; };
		5418E5781E601D630015B100 /* SYPickerViewTests.m */ = {isa = PBXFileReference; lastKnownFileType = sourcecode.c.objc; path = SYPickerViewTests.m; sourceTree = "<group>"; };
		5418E57A1E601D630015B100 /* Info.plist */ = {isa = PBXFileReference; lastKnownFileType = text.plist.xml; path = Info.plist; sourceTree = "<group>"; };
		5418E57F1E601D630015B100 /* SYPickerViewUITests.xctest */ = {isa = PBXFileReference; explicitFileType = wrapper.cfbundle; includeInIndex = 0; path = SYPickerViewUITests.xctest; sourceTree = BUILT_PRODUCTS_DIR; };
		5418E5831E601D630015B100 /* SYPickerViewUITests.m */ = {isa = PBXFileReference; lastKnownFileType = sourcecode.c.objc; path = SYPickerViewUITests.m; sourceTree = "<group>"; };
		5418E5851E601D630015B100 /* Info.plist */ = {isa = PBXFileReference; lastKnownFileType = text.plist.xml; path = Info.plist; sourceTree = "<group>"; };
		5418E5911E601DA90015B100 /* SYPickerView.h */ = {isa = PBXFileReference; fileEncoding = 4; lastKnownFileType = sourcecode.c.h; path = SYPickerView.h; sourceTree = "<group>"; };
		5418E5921E601DA90015B100 /* SYPickerView.m */ = {isa = PBXFileReference; fileEncoding = 4; lastKnownFileType = sourcecode.c.objc; path = SYPickerView.m; sourceTree = "<group>"; };
/* End PBXFileReference section */

/* Begin PBXFrameworksBuildPhase section */
		5418E5581E601D630015B100 /* Frameworks */ = {
			isa = PBXFrameworksBuildPhase;
			buildActionMask = 2147483647;
			files = (
			);
			runOnlyForDeploymentPostprocessing = 0;
		};
		5418E5711E601D630015B100 /* Frameworks */ = {
			isa = PBXFrameworksBuildPhase;
			buildActionMask = 2147483647;
			files = (
			);
			runOnlyForDeploymentPostprocessing = 0;
		};
		5418E57C1E601D630015B100 /* Frameworks */ = {
			isa = PBXFrameworksBuildPhase;
			buildActionMask = 2147483647;
			files = (
			);
			runOnlyForDeploymentPostprocessing = 0;
		};
/* End PBXFrameworksBuildPhase section */

/* Begin PBXGroup section */
		5418E5521E601D630015B100 = {
			isa = PBXGroup;
			children = (
				5418E55D1E601D630015B100 /* SYPickerView */,
				5418E5771E601D630015B100 /* SYPickerViewTests */,
				5418E5821E601D630015B100 /* SYPickerViewUITests */,
				5418E55C1E601D630015B100 /* Products */,
			);
			sourceTree = "<group>";
		};
		5418E55C1E601D630015B100 /* Products */ = {
			isa = PBXGroup;
			children = (
				5418E55B1E601D630015B100 /* SYPickerView.app */,
				5418E5741E601D630015B100 /* SYPickerViewTests.xctest */,
				5418E57F1E601D630015B100 /* SYPickerViewUITests.xctest */,
			);
			name = Products;
			sourceTree = "<group>";
		};
		5418E55D1E601D630015B100 /* SYPickerView */ = {
			isa = PBXGroup;
			children = (
				5418E5611E601D630015B100 /* AppDelegate.h */,
				5418E5621E601D630015B100 /* AppDelegate.m */,
				5418E5641E601D630015B100 /* ViewController.h */,
				5418E5651E601D630015B100 /* ViewController.m */,
				5418E5911E601DA90015B100 /* SYPickerView.h */,
				5418E5921E601DA90015B100 /* SYPickerView.m */,
				5418E5671E601D630015B100 /* Main.storyboard */,
				5418E56A1E601D630015B100 /* Assets.xcassets */,
				5418E56C1E601D630015B100 /* LaunchScreen.storyboard */,
				5418E56F1E601D630015B100 /* Info.plist */,
				5418E55E1E601D630015B100 /* Supporting Files */,
			);
			path = SYPickerView;
			sourceTree = "<group>";
		};
		5418E55E1E601D630015B100 /* Supporting Files */ = {
			isa = PBXGroup;
			children = (
				5418E55F1E601D630015B100 /* main.m */,
			);
			name = "Supporting Files";
			sourceTree = "<group>";
		};
		5418E5771E601D630015B100 /* SYPickerViewTests */ = {
			isa = PBXGroup;
			children = (
				5418E5781E601D630015B100 /* SYPickerViewTests.m */,
				5418E57A1E601D630015B100 /* Info.plist */,
			);
			path = SYPickerViewTests;
			sourceTree = "<group>";
		};
		5418E5821E601D630015B100 /* SYPickerViewUITests */ = {
			isa = PBXGroup;
			children = (
				5418E5831E601D630015B100 /* SYPickerViewUITests.m */,
				5418E5851E601D630015B100 /* Info.plist */,
			);
			path = SYPickerViewUITests;
			sourceTree = "<group>";
		};
/* End PBXGroup section */

/* Begin PBXNativeTarget section */
		5418E55A1E601D630015B100 /* SYPickerView */ = {
			isa = PBXNativeTarget;
			buildConfigurationList = 5418E5881E601D630015B100 /* Build configuration list for PBXNativeTarget "SYPickerView" */;
			buildPhases = (
				5418E5571E601D630015B100 /* Sources */,
				5418E5581E601D630015B100 /* Frameworks */,
				5418E5591E601D630015B100 /* Resources */,
			);
			buildRules = (
			);
			dependencies = (
			);
			name = SYPickerView;
			productName = SYPickerView;
			productReference = 5418E55B1E601D630015B100 /* SYPickerView.app */;
			productType = "com.apple.product-type.application";
		};
		5418E5731E601D630015B100 /* SYPickerViewTests */ = {
			isa = PBXNativeTarget;
			buildConfigurationList = 5418E58B1E601D630015B100 /* Build configuration list for PBXNativeTarget "SYPickerViewTests" */;
			buildPhases = (
				5418E5701E601D630015B100 /* Sources */,
				5418E5711E601D630015B100 /* Frameworks */,
				5418E5721E601D630015B100 /* Resources */,
			);
			buildRules = (
			);
			dependencies = (
				5418E5761E601D630015B100 /* PBXTargetDependency */,
			);
			name = SYPickerViewTests;
			productName = SYPickerViewTests;
			productReference = 5418E5741E601D630015B100 /* SYPickerViewTests.xctest */;
			productType = "com.apple.product-type.bundle.unit-test";
		};
		5418E57E1E601D630015B100 /* SYPickerViewUITests */ = {
			isa = PBXNativeTarget;
			buildConfigurationList = 5418E58E1E601D630015B100 /* Build configuration list for PBXNativeTarget "SYPickerViewUITests" */;
			buildPhases = (
				5418E57B1E601D630015B100 /* Sources */,
				5418E57C1E601D630015B100 /* Frameworks */,
				5418E57D1E601D630015B100 /* Resources */,
			);
			buildRules = (
			);
			dependencies = (
				5418E5811E601D630015B100 /* PBXTargetDependency */,
			);
			name = SYPickerViewUITests;
			productName = SYPickerViewUITests;
			productReference = 5418E57F1E601D630015B100 /* SYPickerViewUITests.xctest */;
			productType = "com.apple.product-type.bundle.ui-testing";
		};
/* End PBXNativeTarget section */

/* Begin PBXProject section */
		5418E5531E601D630015B100 /* Project object */ = {
			isa = PBXProject;
			attributes = {
				LastUpgradeCheck = 0820;
				ORGANIZATIONNAME = Anchoriter;
				TargetAttributes = {
					5418E55A1E601D630015B100 = {
						CreatedOnToolsVersion = 8.2.1;
						DevelopmentTeam = KR6EC3MJZK;
						ProvisioningStyle = Automatic;
					};
					5418E5731E601D630015B100 = {
						CreatedOnToolsVersion = 8.2.1;
						DevelopmentTeam = KR6EC3MJZK;
						ProvisioningStyle = Automatic;
						TestTargetID = 5418E55A1E601D630015B100;
					};
					5418E57E1E601D630015B100 = {
						CreatedOnToolsVersion = 8.2.1;
						DevelopmentTeam = KR6EC3MJZK;
						ProvisioningStyle = Automatic;
						TestTargetID = 5418E55A1E601D630015B100;
					};
				};
			};
			buildConfigurationList = 5418E5561E601D630015B100 /* Build configuration list for PBXProject "SYPickerView" */;
			compatibilityVersion = "Xcode 3.2";
			developmentRegion = English;
			hasScannedForEncodings = 0;
			knownRegions = (
				en,
				Base,
			);
			mainGroup = 5418E5521E601D630015B100;
			productRefGroup = 5418E55C1E601D630015B100 /* Products */;
			projectDirPath = "";
			projectRoot = "";
			targets = (
				5418E55A1E601D630015B100 /* SYPickerView */,
				5418E5731E601D630015B100 /* SYPickerViewTests */,
				5418E57E1E601D630015B100 /* SYPickerViewUITests */,
			);
		};
/* End PBXProject section */

/* Begin PBXResourcesBuildPhase section */
		5418E5591E601D630015B100 /* Resources */ = {
			isa = PBXResourcesBuildPhase;
			buildActionMask = 2147483647;
			files = (
				5418E56E1E601D630015B100 /* LaunchScreen.storyboard in Resources */,
				5418E56B1E601D630015B100 /* Assets.xcassets in Resources */,
				5418E5691E601D630015B100 /* Main.storyboard in Resources */,
			);
			runOnlyForDeploymentPostprocessing = 0;
		};
		5418E5721E601D630015B100 /* Resources */ = {
			isa = PBXResourcesBuildPhase;
			buildActionMask = 2147483647;
			files = (
			);
			runOnlyForDeploymentPostprocessing = 0;
		};
		5418E57D1E601D630015B100 /* Resources */ = {
			isa = PBXResourcesBuildPhase;
			buildActionMask = 2147483647;
			files = (
			);
			runOnlyForDeploymentPostprocessing = 0;
		};
/* End PBXResourcesBuildPhase section */

/* Begin PBXSourcesBuildPhase section */
		5418E5571E601D630015B100 /* Sources */ = {
			isa = PBXSourcesBuildPhase;
			buildActionMask = 2147483647;
			files = (
				5418E5661E601D630015B100 /* ViewController.m in Sources */,
				5418E5631E601D630015B100 /* AppDelegate.m in Sources */,
				5418E5931E601DA90015B100 /* SYPickerView.m in Sources */,
				5418E5601E601D630015B100 /* main.m in Sources */,
			);
			runOnlyForDeploymentPostprocessing = 0;
		};
		5418E5701E601D630015B100 /* Sources */ = {
			isa = PBXSourcesBuildPhase;
			buildActionMask = 2147483647;
			files = (
				5418E5791E601D630015B100 /* SYPickerViewTests.m in Sources */,
			);
			runOnlyForDeploymentPostprocessing = 0;
		};
		5418E57B1E601D630015B100 /* Sources */ = {
			isa = PBXSourcesBuildPhase;
			buildActionMask = 2147483647;
			files = (
				5418E5841E601D630015B100 /* SYPickerViewUITests.m in Sources */,
			);
			runOnlyForDeploymentPostprocessing = 0;
		};
/* End PBXSourcesBuildPhase section */

/* Begin PBXTargetDependency section */
		5418E5761E601D630015B100 /* PBXTargetDependency */ = {
			isa = PBXTargetDependency;
			target = 5418E55A1E601D630015B100 /* SYPickerView */;
			targetProxy = 5418E5751E601D630015B100 /* PBXContainerItemProxy */;
		};
		5418E5811E601D630015B100 /* PBXTargetDependency */ = {
			isa = PBXTargetDependency;
			target = 5418E55A1E601D630015B100 /* SYPickerView */;
			targetProxy = 5418E5801E601D630015B100 /* PBXContainerItemProxy */;
		};
/* End PBXTargetDependency section */

/* Begin PBXVariantGroup section */
		5418E5671E601D630015B100 /* Main.storyboard */ = {
			isa = PBXVariantGroup;
			children = (
				5418E5681E601D630015B100 /* Base */,
			);
			name = Main.storyboard;
			sourceTree = "<group>";
		};
		5418E56C1E601D630015B100 /* LaunchScreen.storyboard */ = {
			isa = PBXVariantGroup;
			children = (
				5418E56D1E601D630015B100 /* Base */,
			);
			name = LaunchScreen.storyboard;
			sourceTree = "<group>";
		};
/* End PBXVariantGroup section */

/* Begin XCBuildConfiguration section */
		5418E5861E601D630015B100 /* Debug */ = {
			isa = XCBuildConfiguration;
			buildSettings = {
				ALWAYS_SEARCH_USER_PATHS = NO;
				CLANG_ANALYZER_NONNULL = YES;
				CLANG_CXX_LANGUAGE_STANDARD = "gnu++0x";
				CLANG_CXX_LIBRARY = "libc++";
				CLANG_ENABLE_MODULES = YES;
				CLANG_ENABLE_OBJC_ARC = YES;
				CLANG_WARN_BOOL_CONVERSION = YES;
				CLANG_WARN_CONSTANT_CONVERSION = YES;
				CLANG_WARN_DIRECT_OBJC_ISA_USAGE = YES_ERROR;
				CLANG_WARN_DOCUMENTATION_COMMENTS = YES;
				CLANG_WARN_EMPTY_BODY = YES;
				CLANG_WARN_ENUM_CONVERSION = YES;
				CLANG_WARN_INFINITE_RECURSION = YES;
				CLANG_WARN_INT_CONVERSION = YES;
				CLANG_WARN_OBJC_ROOT_CLASS = YES_ERROR;
				CLANG_WARN_SUSPICIOUS_MOVE = YES;
				CLANG_WARN_UNREACHABLE_CODE = YES;
				CLANG_WARN__DUPLICATE_METHOD_MATCH = YES;
				"CODE_SIGN_IDENTITY[sdk=iphoneos*]" = "iPhone Developer";
				COPY_PHASE_STRIP = NO;
				DEBUG_INFORMATION_FORMAT = dwarf;
				ENABLE_STRICT_OBJC_MSGSEND = YES;
				ENABLE_TESTABILITY = YES;
				GCC_C_LANGUAGE_STANDARD = gnu99;
				GCC_DYNAMIC_NO_PIC = NO;
				GCC_NO_COMMON_BLOCKS = YES;
				GCC_OPTIMIZATION_LEVEL = 0;
				GCC_PREPROCESSOR_DEFINITIONS = (
					"DEBUG=1",
					"$(inherited)",
				);
				GCC_WARN_64_TO_32_BIT_CONVERSION = YES;
				GCC_WARN_ABOUT_RETURN_TYPE = YES_ERROR;
				GCC_WARN_UNDECLARED_SELECTOR = YES;
				GCC_WARN_UNINITIALIZED_AUTOS = YES_AGGRESSIVE;
				GCC_WARN_UNUSED_FUNCTION = YES;
				GCC_WARN_UNUSED_VARIABLE = YES;
				IPHONEOS_DEPLOYMENT_TARGET = 10.2;
				MTL_ENABLE_DEBUG_INFO = YES;
				ONLY_ACTIVE_ARCH = YES;
				SDKROOT = iphoneos;
				TARGETED_DEVICE_FAMILY = "1,2";
			};
			name = Debug;
		};
		5418E5871E601D630015B100 /* Release */ = {
			isa = XCBuildConfiguration;
			buildSettings = {
				ALWAYS_SEARCH_USER_PATHS = NO;
				CLANG_ANALYZER_NONNULL = YES;
				CLANG_CXX_LANGUAGE_STANDARD = "gnu++0x";
				CLANG_CXX_LIBRARY = "libc++";
				CLANG_ENABLE_MODULES = YES;
				CLANG_ENABLE_OBJC_ARC = YES;
				CLANG_WARN_BOOL_CONVERSION = YES;
				CLANG_WARN_CONSTANT_CONVERSION = YES;
				CLANG_WARN_DIRECT_OBJC_ISA_USAGE = YES_ERROR;
				CLANG_WARN_DOCUMENTATION_COMMENTS = YES;
				CLANG_WARN_EMPTY_BODY = YES;
				CLANG_WARN_ENUM_CONVERSION = YES;
				CLANG_WARN_INFINITE_RECURSION = YES;
				CLANG_WARN_INT_CONVERSION = YES;
				CLANG_WARN_OBJC_ROOT_CLASS = YES_ERROR;
				CLANG_WARN_SUSPICIOUS_MOVE = YES;
				CLANG_WARN_UNREACHABLE_CODE = YES;
				CLANG_WARN__DUPLICATE_METHOD_MATCH = YES;
				"CODE_SIGN_IDENTITY[sdk=iphoneos*]" = "iPhone Developer";
				COPY_PHASE_STRIP = NO;
				DEBUG_INFORMATION_FORMAT = "dwarf-with-dsym";
				ENABLE_NS_ASSERTIONS = NO;
				ENABLE_STRICT_OBJC_MSGSEND = YES;
				GCC_C_LANGUAGE_STANDARD = gnu99;
				GCC_NO_COMMON_BLOCKS = YES;
				GCC_WARN_64_TO_32_BIT_CONVERSION = YES;
				GCC_WARN_ABOUT_RETURN_TYPE = YES_ERROR;
				GCC_WARN_UNDECLARED_SELECTOR = YES;
				GCC_WARN_UNINITIALIZED_AUTOS = YES_AGGRESSIVE;
				GCC_WARN_UNUSED_FUNCTION = YES;
				GCC_WARN_UNUSED_VARIABLE = YES;
				IPHONEOS_DEPLOYMENT_TARGET = 10.2;
				MTL_ENABLE_DEBUG_INFO = NO;
				SDKROOT = iphoneos;
				TARGETED_DEVICE_FAMILY = "1,2";
				VALIDATE_PRODUCT = YES;
			};
			name = Release;
		};
		5418E5891E601D630015B100 /* Debug */ = {
			isa = XCBuildConfiguration;
			buildSettings = {
				ASSETCATALOG_COMPILER_APPICON_NAME = AppIcon;
				DEVELOPMENT_TEAM = KR6EC3MJZK;
				INFOPLIST_FILE = SYPickerView/Info.plist;
				IPHONEOS_DEPLOYMENT_TARGET = 8.1;
				LD_RUNPATH_SEARCH_PATHS = "$(inherited) @executable_path/Frameworks";
				PRODUCT_BUNDLE_IDENTIFIER = com.SYPickerView;
				PRODUCT_NAME = "$(TARGET_NAME)";
			};
			name = Debug;
		};
		5418E58A1E601D630015B100 /* Release */ = {
			isa = XCBuildConfiguration;
			buildSettings = {
				ASSETCATALOG_COMPILER_APPICON_NAME = AppIcon;
				DEVELOPMENT_TEAM = KR6EC3MJZK;
				INFOPLIST_FILE = SYPickerView/Info.plist;
				IPHONEOS_DEPLOYMENT_TARGET = 8.1;
				LD_RUNPATH_SEARCH_PATHS = "$(inherited) @executable_path/Frameworks";
				PRODUCT_BUNDLE_IDENTIFIER = com.SYPickerView;
				PRODUCT_NAME = "$(TARGET_NAME)";
			};
			name = Release;
		};
		5418E58C1E601D630015B100 /* Debug */ = {
			isa = XCBuildConfiguration;
			buildSettings = {
				BUNDLE_LOADER = "$(TEST_HOST)";
				DEVELOPMENT_TEAM = KR6EC3MJZK;
				INFOPLIST_FILE = SYPickerViewTests/Info.plist;
				LD_RUNPATH_SEARCH_PATHS = "$(inherited) @executable_path/Frameworks @loader_path/Frameworks";
				PRODUCT_BUNDLE_IDENTIFIER = com.myjf.SYPickerViewTests;
				PRODUCT_NAME = "$(TARGET_NAME)";
				TEST_HOST = "$(BUILT_PRODUCTS_DIR)/SYPickerView.app/SYPickerView";
			};
			name = Debug;
		};
		5418E58D1E601D630015B100 /* Release */ = {
			isa = XCBuildConfiguration;
			buildSettings = {
				BUNDLE_LOADER = "$(TEST_HOST)";
				DEVELOPMENT_TEAM = KR6EC3MJZK;
				INFOPLIST_FILE = SYPickerViewTests/Info.plist;
				LD_RUNPATH_SEARCH_PATHS = "$(inherited) @executable_path/Frameworks @loader_path/Frameworks";
				PRODUCT_BUNDLE_IDENTIFIER = com.myjf.SYPickerViewTests;
				PRODUCT_NAME = "$(TARGET_NAME)";
				TEST_HOST = "$(BUILT_PRODUCTS_DIR)/SYPickerView.app/SYPickerView";
			};
			name = Release;
		};
		5418E58F1E601D630015B100 /* Debug */ = {
			isa = XCBuildConfiguration;
			buildSettings = {
				DEVELOPMENT_TEAM = KR6EC3MJZK;
				INFOPLIST_FILE = SYPickerViewUITests/Info.plist;
				LD_RUNPATH_SEARCH_PATHS = "$(inherited) @executable_path/Frameworks @loader_path/Frameworks";
				PRODUCT_BUNDLE_IDENTIFIER = com.myjf.SYPickerViewUITests;
				PRODUCT_NAME = "$(TARGET_NAME)";
				TEST_TARGET_NAME = SYPickerView;
			};
			name = Debug;
		};
		5418E5901E601D630015B100 /* Release */ = {
			isa = XCBuildConfiguration;
			buildSettings = {
				DEVELOPMENT_TEAM = KR6EC3MJZK;
				INFOPLIST_FILE = SYPickerViewUITests/Info.plist;
				LD_RUNPATH_SEARCH_PATHS = "$(inherited) @executable_path/Frameworks @loader_path/Frameworks";
				PRODUCT_BUNDLE_IDENTIFIER = com.myjf.SYPickerViewUITests;
				PRODUCT_NAME = "$(TARGET_NAME)";
				TEST_TARGET_NAME = SYPickerView;
			};
			name = Release;
		};
/* End XCBuildConfiguration section */

/* Begin XCConfigurationList section */
		5418E5561E601D630015B100 /* Build configuration list for PBXProject "SYPickerView" */ = {
			isa = XCConfigurationList;
			buildConfigurations = (
				5418E5861E601D630015B100 /* Debug */,
				5418E5871E601D630015B100 /* Release */,
			);
			defaultConfigurationIsVisible = 0;
			defaultConfigurationName = Release;
		};
		5418E5881E601D630015B100 /* Build configuration list for PBXNativeTarget "SYPickerView" */ = {
			isa = XCConfigurationList;
			buildConfigurations = (
				5418E5891E601D630015B100 /* Debug */,
				5418E58A1E601D630015B100 /* Release */,
			);
			defaultConfigurationIsVisible = 0;
		};
		5418E58B1E601D630015B100 /* Build configuration list for PBXNativeTarget "SYPickerViewTests" */ = {
			isa = XCConfigurationList;
			buildConfigurations = (
				5418E58C1E601D630015B100 /* Debug */,
				5418E58D1E601D630015B100 /* Release */,
			);
			defaultConfigurationIsVisible = 0;
		};
		5418E58E1E601D630015B100 /* Build configuration list for PBXNativeTarget "SYPickerViewUITests" */ = {
			isa = XCConfigurationList;
			buildConfigurations = (
				5418E58F1E601D630015B100 /* Debug */,
				5418E5901E601D630015B100 /* Release */,
			);
			defaultConfigurationIsVisible = 0;
		};
/* End XCConfigurationList section */
	};
	rootObject = 5418E5531E601D630015B100 /* Project object */;
}
